
Microsoft Visual Studio Solution File, Format Version 12.00
# Visual Studio Version 17
VisualStudioVersion = 17.3.32901.215
MinimumVisualStudioVersion = 10.0.40219.1
Project("{FAE04EC0-301F-11D3-BF4B-00C04F79EFBC}") = "L8th Theory", "L8th Theory.csproj", "{447C5DB7-DE87-4108-AD0F-594DD70BB7CE}"
EndProject
Global
	GlobalSection(SolutionConfigurationPlatforms) = preSolution
		Debug|Any CPU = Debug|Any CPU
		Release|Any CPU = Release|Any CPU
	EndGlobalSection
	GlobalSection(ProjectConfigurationPlatforms) = postSolution
		{447C5DB7-DE87-4108-AD0F-594DD70BB7CE}.Debug|Any CPU.ActiveCfg = Debug|Any CPU
		{447C5DB7-DE87-4108-AD0F-594DD70BB7CE}.Debug|Any CPU.Build.0 = Debug|Any CPU
		{447C5DB7-DE87-4108-AD0F-594DD70BB7CE}.Release|Any CPU.ActiveCfg = Release|Any CPU
		{447C5DB7-DE87-4108-AD0F-594DD70BB7CE}.Release|Any CPU.Build.0 = Release|Any CPU
	EndGlobalSection
	GlobalSection(SolutionProperties) = preSolution
		HideSolutionNode = FALSE
	EndGlobalSection
	GlobalSection(ExtensibilityGlobals) = postSolution
		SolutionGuid = {967815F0-29A4-4BDD-871C-07B956737898}
	EndGlobalSection
EndGlobal
